// !$*UTF8*$!
{
	archiveVersion = 1;
	classes = {
	};
	objectVersion = 56;
	objects = {

/* Begin PBXBuildFile section */
		5F0FCFB72C0CA6A100EDF606 /* SafariView2.swift in Sources */ = {isa = PBXBuildFile; fileRef = 5F0FCFB62C0CA6A100EDF606 /* SafariView2.swift */; };
		5FAA4B672C06CF9600AE2328 /* DismissButton.swift in Sources */ = {isa = PBXBuildFile; fileRef = 5FAA4B662C06CF9600AE2328 /* DismissButton.swift */; };
		5FAA4B702C06D88A00AE2328 /* FrameworkGridView.swift in Sources */ = {isa = PBXBuildFile; fileRef = 5FFBACB22C05671B0013C3B1 /* FrameworkGridView.swift */; };
		5FBD8E212C061BBA006EE8E1 /* SafariView.swift in Sources */ = {isa = PBXBuildFile; fileRef = 5FBD8E202C061BBA006EE8E1 /* SafariView.swift */; };
		5FFBACA52C0566E70013C3B1 /* Apple_FrameworkApp.swift in Sources */ = {isa = PBXBuildFile; fileRef = 5FFBACA42C0566E70013C3B1 /* Apple_FrameworkApp.swift */; };
		5FFBACA92C0566E80013C3B1 /* Assets.xcassets in Resources */ = {isa = PBXBuildFile; fileRef = 5FFBACA82C0566E80013C3B1 /* Assets.xcassets */; };
		5FFBACAC2C0566E80013C3B1 /* Preview Assets.xcassets in Resources */ = {isa = PBXBuildFile; fileRef = 5FFBACAB2C0566E80013C3B1 /* Preview Assets.xcassets */; };
		5FFBACB52C05674C0013C3B1 /* Framework.swift in Sources */ = {isa = PBXBuildFile; fileRef = 5FFBACB42C05674C0013C3B1 /* Framework.swift */; };
		5FFBACB72C0584980013C3B1 /* FrameworkDetailView.swift in Sources */ = {isa = PBXBuildFile; fileRef = 5FFBACB62C0584980013C3B1 /* FrameworkDetailView.swift */; };
		5FFBACB92C05A2BA0013C3B1 /* AFButton.swift in Sources */ = {isa = PBXBuildFile; fileRef = 5FFBACB82C05A2BA0013C3B1 /* AFButton.swift */; };
		5FFBACBB2C05A3810013C3B1 /* FrameworkTitleView.swift in Sources */ = {isa = PBXBuildFile; fileRef = 5FFBACBA2C05A3810013C3B1 /* FrameworkTitleView.swift */; };
		5FFBACBD2C05BE5F0013C3B1 /* FrameGridViewModel.swift in Sources */ = {isa = PBXBuildFile; fileRef = 5FFBACBC2C05BE5F0013C3B1 /* FrameGridViewModel.swift */; };
/* End PBXBuildFile section */

/* Begin PBXFileReference section */
		5F0FCFB62C0CA6A100EDF606 /* SafariView2.swift */ = {isa = PBXFileReference; lastKnownFileType = sourcecode.swift; path = SafariView2.swift; sourceTree = "<group>"; };
		5FAA4B662C06CF9600AE2328 /* DismissButton.swift */ = {isa = PBXFileReference; lastKnownFileType = sourcecode.swift; path = DismissButton.swift; sourceTree = "<group>"; };
		5FBD8E202C061BBA006EE8E1 /* SafariView.swift */ = {isa = PBXFileReference; lastKnownFileType = sourcecode.swift; path = SafariView.swift; sourceTree = "<group>"; };
		5FFBACA12C0566E70013C3B1 /* Apple-Framework.app */ = {isa = PBXFileReference; explicitFileType = wrapper.application; includeInIndex = 0; path = "Apple-Framework.app"; sourceTree = BUILT_PRODUCTS_DIR; };
		5FFBACA42C0566E70013C3B1 /* Apple_FrameworkApp.swift */ = {isa = PBXFileReference; lastKnownFileType = sourcecode.swift; path = Apple_FrameworkApp.swift; sourceTree = "<group>"; };
		5FFBACA82C0566E80013C3B1 /* Assets.xcassets */ = {isa = PBXFileReference; lastKnownFileType = folder.assetcatalog; path = Assets.xcassets; sourceTree = "<group>"; };
		5FFBACAB2C0566E80013C3B1 /* Preview Assets.xcassets */ = {isa = PBXFileReference; lastKnownFileType = folder.assetcatalog; path = "Preview Assets.xcassets"; sourceTree = "<group>"; };
		5FFBACB22C05671B0013C3B1 /* FrameworkGridView.swift */ = {isa = PBXFileReference; lastKnownFileType = sourcecode.swift; path = FrameworkGridView.swift; sourceTree = "<group>"; };
		5FFBACB42C05674C0013C3B1 /* Framework.swift */ = {isa = PBXFileReference; lastKnownFileType = sourcecode.swift; path = Framework.swift; sourceTree = "<group>"; };
		5FFBACB62C0584980013C3B1 /* FrameworkDetailView.swift */ = {isa = PBXFileReference; lastKnownFileType = sourcecode.swift; path = FrameworkDetailView.swift; sourceTree = "<group>"; };
		5FFBACB82C05A2BA0013C3B1 /* AFButton.swift */ = {isa = PBXFileReference; lastKnownFileType = sourcecode.swift; path = AFButton.swift; sourceTree = "<group>"; };
		5FFBACBA2C05A3810013C3B1 /* FrameworkTitleView.swift */ = {isa = PBXFileReference; lastKnownFileType = sourcecode.swift; path = FrameworkTitleView.swift; sourceTree = "<group>"; };
		5FFBACBC2C05BE5F0013C3B1 /* FrameGridViewModel.swift */ = {isa = PBXFileReference; lastKnownFileType = sourcecode.swift; path = FrameGridViewModel.swift; sourceTree = "<group>"; };
/* End PBXFileReference section */

/* Begin PBXFrameworksBuildPhase section */
		5FFBAC9E2C0566E70013C3B1 /* Frameworks */ = {
			isa = PBXFrameworksBuildPhase;
			buildActionMask = 2147483647;
			files = (
			);
			runOnlyForDeploymentPostprocessing = 0;
		};
/* End PBXFrameworksBuildPhase section */

/* Begin PBXGroup section */
		5FAA4B692C06D4D400AE2328 /* Model */ = {
			isa = PBXGroup;
			children = (
				5FFBACB42C05674C0013C3B1 /* Framework.swift */,
			);
			path = Model;
			sourceTree = "<group>";
		};
		5FAA4B6A2C06D4E400AE2328 /* ViewModel */ = {
			isa = PBXGroup;
			children = (
				5FFBACBC2C05BE5F0013C3B1 /* FrameGridViewModel.swift */,
			);
			path = ViewModel;
			sourceTree = "<group>";
		};
		5FB8EA082C06FD90001A4963 /* Screen */ = {
			isa = PBXGroup;
			children = (
				5FFBACB22C05671B0013C3B1 /* FrameworkGridView.swift */,
				5FFBACB62C0584980013C3B1 /* FrameworkDetailView.swift */,
				5F0FCFB62C0CA6A100EDF606 /* SafariView2.swift */,
			);
			path = Screen;
			sourceTree = "<group>";
		};
		5FB8EA092C06FDAF001A4963 /* Views */ = {
			isa = PBXGroup;
			children = (
				5FB8EA0C2C06FE08001A4963 /* View */,
				5FB8EA0A2C06FDD4001A4963 /* Buttons */,
			);
			path = Views;
			sourceTree = "<group>";
		};
		5FB8EA0A2C06FDD4001A4963 /* Buttons */ = {
			isa = PBXGroup;
			children = (
				5FFBACB82C05A2BA0013C3B1 /* AFButton.swift */,
				5FAA4B662C06CF9600AE2328 /* DismissButton.swift */,
			);
			path = Buttons;
			sourceTree = "<group>";
		};
		5FB8EA0B2C06FDE9001A4963 /* UIKit Components */ = {
			isa = PBXGroup;
			children = (
				5FBD8E202C061BBA006EE8E1 /* SafariView.swift */,
			);
			path = "UIKit Components";
			sourceTree = "<group>";
		};
		5FB8EA0C2C06FE08001A4963 /* View */ = {
			isa = PBXGroup;
			children = (
				5FFBACBA2C05A3810013C3B1 /* FrameworkTitleView.swift */,
			);
			path = View;
			sourceTree = "<group>";
		};
		5FFBAC982C0566E70013C3B1 = {
			isa = PBXGroup;
			children = (
				5FFBACA32C0566E70013C3B1 /* Apple-Framework */,
				5FFBACA22C0566E70013C3B1 /* Products */,
			);
			sourceTree = "<group>";
		};
		5FFBACA22C0566E70013C3B1 /* Products */ = {
			isa = PBXGroup;
			children = (
				5FFBACA12C0566E70013C3B1 /* Apple-Framework.app */,
			);
			name = Products;
			sourceTree = "<group>";
		};
		5FFBACA32C0566E70013C3B1 /* Apple-Framework */ = {
			isa = PBXGroup;
			children = (
				5FAA4B692C06D4D400AE2328 /* Model */,
				5FAA4B6A2C06D4E400AE2328 /* ViewModel */,
				5FB8EA082C06FD90001A4963 /* Screen */,
				5FB8EA0B2C06FDE9001A4963 /* UIKit Components */,
				5FB8EA092C06FDAF001A4963 /* Views */,
				5FFBACA42C0566E70013C3B1 /* Apple_FrameworkApp.swift */,
				5FFBACA82C0566E80013C3B1 /* Assets.xcassets */,
				5FFBACAA2C0566E80013C3B1 /* Preview Content */,
			);
			path = "Apple-Framework";
			sourceTree = "<group>";
		};
		5FFBACAA2C0566E80013C3B1 /* Preview Content */ = {
			isa = PBXGroup;
			children = (
				5FFBACAB2C0566E80013C3B1 /* Preview Assets.xcassets */,
			);
			path = "Preview Content";
			sourceTree = "<group>";
		};
/* End PBXGroup section */

/* Begin PBXNativeTarget section */
		5FFBACA02C0566E70013C3B1 /* Apple-Framework */ = {
			isa = PBXNativeTarget;
			buildConfigurationList = 5FFBACAF2C0566E80013C3B1 /* Build configuration list for PBXNativeTarget "Apple-Framework" */;
			buildPhases = (
				5FFBAC9D2C0566E70013C3B1 /* Sources */,
				5FFBAC9E2C0566E70013C3B1 /* Frameworks */,
				5FFBAC9F2C0566E70013C3B1 /* Resources */,
			);
			buildRules = (
			);
			dependencies = (
			);
			name = "Apple-Framework";
			productName = "Apple-Framework";
			productReference = 5FFBACA12C0566E70013C3B1 /* Apple-Framework.app */;
			productType = "com.apple.product-type.application";
		};
/* End PBXNativeTarget section */

/* Begin PBXProject section */
		5FFBAC992C0566E70013C3B1 /* Project object */ = {
			isa = PBXProject;
			attributes = {
				BuildIndependentTargetsInParallel = 1;
				LastSwiftUpdateCheck = 1540;
				LastUpgradeCheck = 1540;
				TargetAttributes = {
					5FFBACA02C0566E70013C3B1 = {
						CreatedOnToolsVersion = 15.4;
					};
				};
			};
			buildConfigurationList = 5FFBAC9C2C0566E70013C3B1 /* Build configuration list for PBXProject "Apple-Framework" */;
			compatibilityVersion = "Xcode 14.0";
			developmentRegion = en;
			hasScannedForEncodings = 0;
			knownRegions = (
				en,
				Base,
			);
			mainGroup = 5FFBAC982C0566E70013C3B1;
			productRefGroup = 5FFBACA22C0566E70013C3B1 /* Products */;
			projectDirPath = "";
			projectRoot = "";
			targets = (
				5FFBACA02C0566E70013C3B1 /* Apple-Framework */,
			);
		};
/* End PBXProject section */

/* Begin PBXResourcesBuildPhase section */
		5FFBAC9F2C0566E70013C3B1 /* Resources */ = {
			isa = PBXResourcesBuildPhase;
			buildActionMask = 2147483647;
			files = (
				5FFBACAC2C0566E80013C3B1 /* Preview Assets.xcassets in Resources */,
				5FFBACA92C0566E80013C3B1 /* Assets.xcassets in Resources */,
			);
			runOnlyForDeploymentPostprocessing = 0;
		};
/* End PBXResourcesBuildPhase section */

/* Begin PBXSourcesBuildPhase section */
		5FFBAC9D2C0566E70013C3B1 /* Sources */ = {
			isa = PBXSourcesBuildPhase;
			buildActionMask = 2147483647;
			files = (
				5FFBACBD2C05BE5F0013C3B1 /* FrameGridViewModel.swift in Sources */,
				5FFBACB72C0584980013C3B1 /* FrameworkDetailView.swift in Sources */,
				5FFBACB52C05674C0013C3B1 /* Framework.swift in Sources */,
				5FAA4B702C06D88A00AE2328 /* FrameworkGridView.swift in Sources */,
				5FBD8E212C061BBA006EE8E1 /* SafariView.swift in Sources */,
				5FFBACB92C05A2BA0013C3B1 /* AFButton.swift in Sources */,
				5FAA4B672C06CF9600AE2328 /* DismissButton.swift in Sources */,
				5F0FCFB72C0CA6A100EDF606 /* SafariView2.swift in Sources */,
				5FFBACBB2C05A3810013C3B1 /* FrameworkTitleView.swift in Sources */,
				5FFBACA52C0566E70013C3B1 /* Apple_FrameworkApp.swift in Sources */,
			);
			runOnlyForDeploymentPostprocessing = 0;
		};
/* End PBXSourcesBuildPhase section */

/* Begin XCBuildConfiguration section */
		5FFBACAD2C0566E80013C3B1 /* Debug */ = {
			isa = XCBuildConfiguration;
			buildSettings = {
				ALWAYS_SEARCH_USER_PATHS = NO;
				ASSETCATALOG_COMPILER_GENERATE_SWIFT_ASSET_SYMBOL_EXTENSIONS = YES;
				CLANG_ANALYZER_NONNULL = YES;
				CLANG_ANALYZER_NUMBER_OBJECT_CONVERSION = YES_AGGRESSIVE;
				CLANG_CXX_LANGUAGE_STANDARD = "gnu++20";
				CLANG_ENABLE_MODULES = YES;
				CLANG_ENABLE_OBJC_ARC = YES;
				CLANG_ENABLE_OBJC_WEAK = YES;
				CLANG_WARN_BLOCK_CAPTURE_AUTORELEASING = YES;
				CLANG_WARN_BOOL_CONVERSION = YES;
				CLANG_WARN_COMMA = YES;
				CLANG_WARN_CONSTANT_CONVERSION = YES;
				CLANG_WARN_DEPRECATED_OBJC_IMPLEMENTATIONS = YES;
				CLANG_WARN_DIRECT_OBJC_ISA_USAGE = YES_ERROR;
				CLANG_WARN_DOCUMENTATION_COMMENTS = YES;
				CLANG_WARN_EMPTY_BODY = YES;
				CLANG_WARN_ENUM_CONVERSION = YES;
				CLANG_WARN_INFINITE_RECURSION = YES;
				CLANG_WARN_INT_CONVERSION = YES;
				CLANG_WARN_NON_LITERAL_NULL_CONVERSION = YES;
				CLANG_WARN_OBJC_IMPLICIT_RETAIN_SELF = YES;
				CLANG_WARN_OBJC_LITERAL_CONVERSION = YES;
				CLANG_WARN_OBJC_ROOT_CLASS = YES_ERROR;
				CLANG_WARN_QUOTED_INCLUDE_IN_FRAMEWORK_HEADER = YES;
				CLANG_WARN_RANGE_LOOP_ANALYSIS = YES;
				CLANG_WARN_STRICT_PROTOTYPES = YES;
				CLANG_WARN_SUSPICIOUS_MOVE = YES;
				CLANG_WARN_UNGUARDED_AVAILABILITY = YES_AGGRESSIVE;
				CLANG_WARN_UNREACHABLE_CODE = YES;
				CLANG_WARN__DUPLICATE_METHOD_MATCH = YES;
				COPY_PHASE_STRIP = NO;
				DEBUG_INFORMATION_FORMAT = dwarf;
				ENABLE_STRICT_OBJC_MSGSEND = YES;
				ENABLE_TESTABILITY = YES;
				ENABLE_USER_SCRIPT_SANDBOXING = YES;
				GCC_C_LANGUAGE_STANDARD = gnu17;
				GCC_DYNAMIC_NO_PIC = NO;
				GCC_NO_COMMON_BLOCKS = YES;
				GCC_OPTIMIZATION_LEVEL = 0;
				GCC_PREPROCESSOR_DEFINITIONS = (
					"DEBUG=1",
					"$(inherited)",
				);
				GCC_WARN_64_TO_32_BIT_CONVERSION = YES;
				GCC_WARN_ABOUT_RETURN_TYPE = YES_ERROR;
				GCC_WARN_UNDECLARED_SELECTOR = YES;
				GCC_WARN_UNINITIALIZED_AUTOS = YES_AGGRESSIVE;
				GCC_WARN_UNUSED_FUNCTION = YES;
				GCC_WARN_UNUSED_VARIABLE = YES;
				IPHONEOS_DEPLOYMENT_TARGET = 17.5;
				LOCALIZATION_PREFERS_STRING_CATALOGS = YES;
				MTL_ENABLE_DEBUG_INFO = INCLUDE_SOURCE;
				MTL_FAST_MATH = YES;
				ONLY_ACTIVE_ARCH = YES;
				SDKROOT = iphoneos;
				SWIFT_ACTIVE_COMPILATION_CONDITIONS = "DEBUG $(inherited)";
				SWIFT_OPTIMIZATION_LEVEL = "-Onone";
			};
			name = Debug;
		};
		5FFBACAE2C0566E80013C3B1 /* Release */ = {
			isa = XCBuildConfiguration;
			buildSettings = {
				ALWAYS_SEARCH_USER_PATHS = NO;
				ASSETCATALOG_COMPILER_GENERATE_SWIFT_ASSET_SYMBOL_EXTENSIONS = YES;
				CLANG_ANALYZER_NONNULL = YES;
				CLANG_ANALYZER_NUMBER_OBJECT_CONVERSION = YES_AGGRESSIVE;
				CLANG_CXX_LANGUAGE_STANDARD = "gnu++20";
				CLANG_ENABLE_MODULES = YES;
				CLANG_ENABLE_OBJC_ARC = YES;
				CLANG_ENABLE_OBJC_WEAK = YES;
				CLANG_WARN_BLOCK_CAPTURE_AUTORELEASING = YES;
				CLANG_WARN_BOOL_CONVERSION = YES;
				CLANG_WARN_COMMA = YES;
				CLANG_WARN_CONSTANT_CONVERSION = YES;
				CLANG_WARN_DEPRECATED_OBJC_IMPLEMENTATIONS = YES;
				CLANG_WARN_DIRECT_OBJC_ISA_USAGE = YES_ERROR;
				CLANG_WARN_DOCUMENTATION_COMMENTS = YES;
				CLANG_WARN_EMPTY_BODY = YES;
				CLANG_WARN_ENUM_CONVERSION = YES;
				CLANG_WARN_INFINITE_RECURSION = YES;
				CLANG_WARN_INT_CONVERSION = YES;
				CLANG_WARN_NON_LITERAL_NULL_CONVERSION = YES;
				CLANG_WARN_OBJC_IMPLICIT_RETAIN_SELF = YES;
				CLANG_WARN_OBJC_LITERAL_CONVERSION = YES;
				CLANG_WARN_OBJC_ROOT_CLASS = YES_ERROR;
				CLANG_WARN_QUOTED_INCLUDE_IN_FRAMEWORK_HEADER = YES;
				CLANG_WARN_RANGE_LOOP_ANALYSIS = YES;
				CLANG_WARN_STRICT_PROTOTYPES = YES;
				CLANG_WARN_SUSPICIOUS_MOVE = YES;
				CLANG_WARN_UNGUARDED_AVAILABILITY = YES_AGGRESSIVE;
				CLANG_WARN_UNREACHABLE_CODE = YES;
				CLANG_WARN__DUPLICATE_METHOD_MATCH = YES;
				COPY_PHASE_STRIP = NO;
				DEBUG_INFORMATION_FORMAT = "dwarf-with-dsym";
				ENABLE_NS_ASSERTIONS = NO;
				ENABLE_STRICT_OBJC_MSGSEND = YES;
				ENABLE_USER_SCRIPT_SANDBOXING = YES;
				GCC_C_LANGUAGE_STANDARD = gnu17;
				GCC_NO_COMMON_BLOCKS = YES;
				GCC_WARN_64_TO_32_BIT_CONVERSION = YES;
				GCC_WARN_ABOUT_RETURN_TYPE = YES_ERROR;
				GCC_WARN_UNDECLARED_SELECTOR = YES;
				GCC_WARN_UNINITIALIZED_AUTOS = YES_AGGRESSIVE;
				GCC_WARN_UNUSED_FUNCTION = YES;
				GCC_WARN_UNUSED_VARIABLE = YES;
				IPHONEOS_DEPLOYMENT_TARGET = 17.5;
				LOCALIZATION_PREFERS_STRING_CATALOGS = YES;
				MTL_ENABLE_DEBUG_INFO = NO;
				MTL_FAST_MATH = YES;
				SDKROOT = iphoneos;
				SWIFT_COMPILATION_MODE = wholemodule;
				VALIDATE_PRODUCT = YES;
			};
			name = Release;
		};
		5FFBACB02C0566E80013C3B1 /* Debug */ = {
			isa = XCBuildConfiguration;
			buildSettings = {
				ASSETCATALOG_COMPILER_APPICON_NAME = AppIcon;
				ASSETCATALOG_COMPILER_GLOBAL_ACCENT_COLOR_NAME = AccentColor;
				CODE_SIGN_STYLE = Automatic;
				CURRENT_PROJECT_VERSION = 1;
				DEVELOPMENT_ASSET_PATHS = "\"Apple-Framework/Preview Content\"";
				DEVELOPMENT_TEAM = 76FZX58B63;
				ENABLE_PREVIEWS = YES;
				GENERATE_INFOPLIST_FILE = YES;
				INFOPLIST_KEY_UIApplicationSceneManifest_Generation = YES;
				INFOPLIST_KEY_UIApplicationSupportsIndirectInputEvents = YES;
				INFOPLIST_KEY_UILaunchScreen_Generation = YES;
				INFOPLIST_KEY_UISupportedInterfaceOrientations_iPad = "UIInterfaceOrientationPortrait UIInterfaceOrientationPortraitUpsideDown UIInterfaceOrientationLandscapeLeft UIInterfaceOrientationLandscapeRight";
				INFOPLIST_KEY_UISupportedInterfaceOrientations_iPhone = "UIInterfaceOrientationPortrait UIInterfaceOrientationLandscapeLeft UIInterfaceOrientationLandscapeRight";
				LD_RUNPATH_SEARCH_PATHS = (
					"$(inherited)",
					"@executable_path/Frameworks",
				);
				MARKETING_VERSION = 1.0;
				PRODUCT_BUNDLE_IDENTIFIER = "co.aldreinuqui.Apple-Framework";
				PRODUCT_NAME = "$(TARGET_NAME)";
				SWIFT_EMIT_LOC_STRINGS = YES;
				SWIFT_VERSION = 5.0;
				TARGETED_DEVICE_FAMILY = "1,2";
			};
			name = Debug;
		};
		5FFBACB12C0566E80013C3B1 /* Release */ = {
			isa = XCBuildConfiguration;
			buildSettings = {
				ASSETCATALOG_COMPILER_APPICON_NAME = AppIcon;
				ASSETCATALOG_COMPILER_GLOBAL_ACCENT_COLOR_NAME = AccentColor;
				CODE_SIGN_STYLE = Automatic;
				CURRENT_PROJECT_VERSION = 1;
				DEVELOPMENT_ASSET_PATHS = "\"Apple-Framework/Preview Content\"";
				DEVELOPMENT_TEAM = 76FZX58B63;
				ENABLE_PREVIEWS = YES;
				GENERATE_INFOPLIST_FILE = YES;
				INFOPLIST_KEY_UIApplicationSceneManifest_Generation = YES;
				INFOPLIST_KEY_UIApplicationSupportsIndirectInputEvents = YES;
				INFOPLIST_KEY_UILaunchScreen_Generation = YES;
				INFOPLIST_KEY_UISupportedInterfaceOrientations_iPad = "UIInterfaceOrientationPortrait UIInterfaceOrientationPortraitUpsideDown UIInterfaceOrientationLandscapeLeft UIInterfaceOrientationLandscapeRight";
				INFOPLIST_KEY_UISupportedInterfaceOrientations_iPhone = "UIInterfaceOrientationPortrait UIInterfaceOrientationLandscapeLeft UIInterfaceOrientationLandscapeRight";
				LD_RUNPATH_SEARCH_PATHS = (
					"$(inherited)",
					"@executable_path/Frameworks",
				);
				MARKETING_VERSION = 1.0;
				PRODUCT_BUNDLE_IDENTIFIER = "co.aldreinuqui.Apple-Framework";
				PRODUCT_NAME = "$(TARGET_NAME)";
				SWIFT_EMIT_LOC_STRINGS = YES;
				SWIFT_VERSION = 5.0;
				TARGETED_DEVICE_FAMILY = "1,2";
			};
			name = Release;
		};
/* End XCBuildConfiguration section */

/* Begin XCConfigurationList section */
		5FFBAC9C2C0566E70013C3B1 /* Build configuration list for PBXProject "Apple-Framework" */ = {
			isa = XCConfigurationList;
			buildConfigurations = (
				5FFBACAD2C0566E80013C3B1 /* Debug */,
				5FFBACAE2C0566E80013C3B1 /* Release */,
			);
			defaultConfigurationIsVisible = 0;
			defaultConfigurationName = Release;
		};
		5FFBACAF2C0566E80013C3B1 /* Build configuration list for PBXNativeTarget "Apple-Framework" */ = {
			isa = XCConfigurationList;
			buildConfigurations = (
				5FFBACB02C0566E80013C3B1 /* Debug */,
				5FFBACB12C0566E80013C3B1 /* Release */,
			);
			defaultConfigurationIsVisible = 0;
			defaultConfigurationName = Release;
		};
/* End XCConfigurationList section */
	};
	rootObject = 5FFBAC992C0566E70013C3B1 /* Project object */;
}
